
Microsoft Visual Studio Solution File, Format Version 12.00
# Visual Studio Version 16
VisualStudioVersion = 16.0.30114.105
MinimumVisualStudioVersion = 10.0.40219.1
Project("{FAE04EC0-301F-11D3-BF4B-00C04F79EFBC}") = "B20_Ex02", "B20_Ex02\B20_Ex02.csproj", "{7F81BE65-86C4-4EA9-B47C-2084D191F9BD}"
EndProject
Global
	GlobalSection(SolutionConfigurationPlatforms) = preSolution
		Debug|Any CPU = Debug|Any CPU
		Release|Any CPU = Release|Any CPU
	EndGlobalSection
	GlobalSection(ProjectConfigurationPlatforms) = postSolution
		{7F81BE65-86C4-4EA9-B47C-2084D191F9BD}.Debug|Any CPU.ActiveCfg = Debug|Any CPU
		{7F81BE65-86C4-4EA9-B47C-2084D191F9BD}.Debug|Any CPU.Build.0 = Debug|Any CPU
		{7F81BE65-86C4-4EA9-B47C-2084D191F9BD}.Release|Any CPU.ActiveCfg = Release|Any CPU
		{7F81BE65-86C4-4EA9-B47C-2084D191F9BD}.Release|Any CPU.Build.0 = Release|Any CPU
	EndGlobalSection
	GlobalSection(SolutionProperties) = preSolution
		HideSolutionNode = FALSE
	EndGlobalSection
	GlobalSection(ExtensibilityGlobals) = postSolution
		SolutionGuid = {3F1F00A3-6702-4581-8F02-8F0C7E95F4DF}
	EndGlobalSection
EndGlobal
